# This file is automatically @generated by Cargo.
# It is not intended for manual editing.
version = 3

[[package]]
name = "aligned"
version = "0.3.4"
source = "registry+https://github.com/rust-lang/crates.io-index"
checksum = "c19796bd8d477f1a9d4ac2465b464a8b1359474f06a96bb3cda650b4fca309bf"
dependencies = [
 "as-slice",
]

[[package]]
name = "arraydeque"
version = "0.4.5"
source = "registry+https://github.com/rust-lang/crates.io-index"
checksum = "f0ffd3d69bd89910509a5d31d1f1353f38ccffdd116dd0099bbd6627f7bd8ad8"

[[package]]
name = "as-slice"
version = "0.1.4"
source = "registry+https://github.com/rust-lang/crates.io-index"
checksum = "bb4d1c23475b74e3672afa8c2be22040b8b7783ad9b461021144ed10a46bb0e6"
dependencies = [
 "generic-array 0.12.3",
 "generic-array 0.13.2",
 "generic-array 0.14.4",
 "stable_deref_trait",
]

[[package]]
name = "bare-metal"
version = "0.2.5"
source = "registry+https://github.com/rust-lang/crates.io-index"
checksum = "5deb64efa5bd81e31fcd1938615a6d98c82eafcbcd787162b6f63b91d6bac5b3"
dependencies = [
 "rustc_version",
]

[[package]]
name = "bitfield"
version = "0.13.2"
source = "registry+https://github.com/rust-lang/crates.io-index"
checksum = "46afbd2983a5d5a7bd740ccb198caf5b82f45c40c09c0eed36052d91cb92e719"

[[package]]
name = "cast"
version = "0.2.3"
source = "registry+https://github.com/rust-lang/crates.io-index"
checksum = "4b9434b9a5aa1450faa3f9cb14ea0e8c53bb5d2b3c1bfd1ab4fc03e9f33fbfb0"
dependencies = [
 "rustc_version",
]

[[package]]
name = "cortex-m"
version = "0.6.3"
source = "registry+https://github.com/rust-lang/crates.io-index"
checksum = "2be99930c99669a74d986f7fd2162085498b322e6daae8ef63a97cc9ac1dc73c"
dependencies = [
 "aligned",
 "bare-metal",
 "bitfield",
 "volatile-register",
]

[[package]]
name = "cortex-m-rt"
version = "0.6.13"
source = "registry+https://github.com/rust-lang/crates.io-index"
checksum = "980c9d0233a909f355ed297ef122f257942de5e0a2cb1c39f60684b65bcb90fb"
dependencies = [
 "cortex-m-rt-macros",
 "r0",
]

[[package]]
name = "cortex-m-rt-macros"
version = "0.1.8"
source = "registry+https://github.com/rust-lang/crates.io-index"
checksum = "4717562afbba06e760d34451919f5c3bf3ac15c7bb897e8b04862a7428378647"
dependencies = [
 "proc-macro2",
 "quote",
 "syn",
]

[[package]]
name = "embedded-hal"
version = "0.2.4"
source = "registry+https://github.com/rust-lang/crates.io-index"
checksum = "fa998ce59ec9765d15216393af37a58961ddcefb14c753b4816ba2191d865fcb"
dependencies = [
 "nb 0.1.3",
 "void",
]

[[package]]
name = "futures"
version = "0.3.19"
source = "registry+https://github.com/rust-lang/crates.io-index"
checksum = "28560757fe2bb34e79f907794bb6b22ae8b0e5c669b638a1132f2592b19035b4"
dependencies = [
 "futures-channel",
 "futures-core",
 "futures-io",
 "futures-sink",
 "futures-task",
 "futures-util",
]

[[package]]
name = "futures-channel"
version = "0.3.19"
source = "registry+https://github.com/rust-lang/crates.io-index"
checksum = "ba3dda0b6588335f360afc675d0564c17a77a2bda81ca178a4b6081bd86c7f0b"
dependencies = [
 "futures-core",
 "futures-sink",
]

[[package]]
name = "futures-core"
version = "0.3.19"
source = "registry+https://github.com/rust-lang/crates.io-index"
checksum = "d0c8ff0461b82559810cdccfde3215c3f373807f5e5232b71479bff7bb2583d7"

[[package]]
name = "futures-io"
version = "0.3.19"
source = "registry+https://github.com/rust-lang/crates.io-index"
checksum = "b1f9d34af5a1aac6fb380f735fe510746c38067c5bf16c7fd250280503c971b2"

[[package]]
name = "futures-macro"
version = "0.3.19"
source = "registry+https://github.com/rust-lang/crates.io-index"
checksum = "6dbd947adfffb0efc70599b3ddcf7b5597bb5fa9e245eb99f62b3a5f7bb8bd3c"
dependencies = [
 "proc-macro2",
 "quote",
 "syn",
]

[[package]]
name = "futures-sink"
version = "0.3.19"
source = "registry+https://github.com/rust-lang/crates.io-index"
checksum = "e3055baccb68d74ff6480350f8d6eb8fcfa3aa11bdc1a1ae3afdd0514617d508"

[[package]]
name = "futures-task"
version = "0.3.19"
source = "registry+https://github.com/rust-lang/crates.io-index"
checksum = "6ee7c6485c30167ce4dfb83ac568a849fe53274c831081476ee13e0dce1aad72"

[[package]]
name = "futures-util"
version = "0.3.19"
source = "registry+https://github.com/rust-lang/crates.io-index"
checksum = "d9b5cf40b47a271f77a8b1bec03ca09044d99d2372c0de244e66430761127164"
dependencies = [
 "futures-core",
 "futures-macro",
 "futures-sink",
 "futures-task",
 "pin-project-lite",
 "pin-utils",
]

[[package]]
name = "generic-array"
version = "0.12.3"
source = "registry+https://github.com/rust-lang/crates.io-index"
checksum = "c68f0274ae0e023facc3c97b2e00f076be70e254bc851d972503b328db79b2ec"
dependencies = [
 "typenum",
]

[[package]]
name = "generic-array"
version = "0.13.2"
source = "registry+https://github.com/rust-lang/crates.io-index"
checksum = "0ed1e761351b56f54eb9dcd0cfaca9fd0daecf93918e1cfc01c8a3d26ee7adcd"
dependencies = [
 "typenum",
]

[[package]]
name = "generic-array"
version = "0.14.4"
source = "registry+https://github.com/rust-lang/crates.io-index"
checksum = "501466ecc8a30d1d3b7fc9229b122b2ce8ed6e9d9223f1138d4babb253e51817"
dependencies = [
 "typenum",
 "version_check",
]

[[package]]
name = "micromath"
version = "1.1.0"
source = "registry+https://github.com/rust-lang/crates.io-index"
checksum = "be00a244d4394124986da477e8b2814dcb7995ab238817d9037bc336c4b0b843"

[[package]]
name = "nb"
version = "0.1.3"
source = "registry+https://github.com/rust-lang/crates.io-index"
checksum = "801d31da0513b6ec5214e9bf433a77966320625a37860f910be265be6e18d06f"
dependencies = [
 "nb 1.0.0",
]

[[package]]
name = "nb"
version = "1.0.0"
source = "registry+https://github.com/rust-lang/crates.io-index"
checksum = "546c37ac5d9e56f55e73b677106873d9d9f5190605e41a856503623648488cae"

[[package]]
name = "panic-itm"
version = "0.4.1"
source = "registry+https://github.com/rust-lang/crates.io-index"
checksum = "98830d17a95587207e41edaa3009b143d326ce134b0e3538ac98246a67d66cc3"
dependencies = [
 "cortex-m",
]

[[package]]
name = "pin-project-lite"
version = "0.2.8"
source = "registry+https://github.com/rust-lang/crates.io-index"
checksum = "e280fbe77cc62c91527259e9442153f4688736748d24660126286329742b4c6c"

[[package]]
name = "pin-utils"
version = "0.1.0"
source = "registry+https://github.com/rust-lang/crates.io-index"
checksum = "8b870d8c151b6f2fb93e84a13146138f05d02ed11c7e7c54f8826aaaf7c9f184"

[[package]]
name = "proc-macro2"
version = "1.0.36"
source = "registry+https://github.com/rust-lang/crates.io-index"
checksum = "c7342d5883fbccae1cc37a2353b09c87c9b0f3afd73f5fb9bba687a1f733b029"
dependencies = [
 "unicode-xid",
]

[[package]]
name = "quote"
version = "1.0.7"
source = "registry+https://github.com/rust-lang/crates.io-index"
checksum = "aa563d17ecb180e500da1cfd2b028310ac758de548efdd203e18f283af693f37"
dependencies = [
 "proc-macro2",
]

[[package]]
name = "r0"
version = "0.2.2"
source = "registry+https://github.com/rust-lang/crates.io-index"
checksum = "e2a38df5b15c8d5c7e8654189744d8e396bddc18ad48041a500ce52d6948941f"

[[package]]
name = "rand_core"
version = "0.5.1"
source = "registry+https://github.com/rust-lang/crates.io-index"
checksum = "90bde5296fc891b0cef12a6d03ddccc162ce7b2aff54160af9338f8d40df6d19"

[[package]]
name = "rustc_version"
version = "0.2.3"
source = "registry+https://github.com/rust-lang/crates.io-index"
checksum = "138e3e0acb6c9fb258b19b67cb8abd63c00679d2851805ea151465464fe9030a"
dependencies = [
 "semver",
]

[[package]]
name = "semver"
version = "0.9.0"
source = "registry+https://github.com/rust-lang/crates.io-index"
checksum = "1d7eb9ef2c18661902cc47e535f9bc51b78acd254da71d375c2f6720d9a40403"
dependencies = [
 "semver-parser",
]

[[package]]
name = "semver-parser"
version = "0.7.0"
source = "registry+https://github.com/rust-lang/crates.io-index"
checksum = "388a1df253eca08550bef6c72392cfe7c30914bf41df5269b68cbd6ff8f570a3"

[[package]]
name = "stable_deref_trait"
version = "1.2.0"
source = "registry+https://github.com/rust-lang/crates.io-index"
checksum = "a8f112729512f8e442d81f95a8a7ddf2b7c6b8a1a6f509a95864142b30cab2d3"

[[package]]
name = "static_assertions"
version = "1.1.0"
source = "registry+https://github.com/rust-lang/crates.io-index"
checksum = "a2eb9349b6444b326872e140eb1cf5e7c522154d69e7a0ffb0fb81c06b37543f"

[[package]]
name = "stm32f4"
version = "0.11.0"
source = "registry+https://github.com/rust-lang/crates.io-index"
checksum = "11460b4de3a84f072e2cf6e76306c64d27f405a0e83bace0a726f555ddf4bf33"
dependencies = [
 "bare-metal",
 "cortex-m",
 "cortex-m-rt",
 "vcell",
]

[[package]]
name = "stm32f4-discovery-signal-generator"
version = "0.1.0"
dependencies = [
 "arraydeque",
 "cortex-m",
 "cortex-m-rt",
 "embedded-hal",
 "futures",
 "futures-util",
 "micromath",
 "panic-itm",
 "static_assertions",
 "stm32f4xx-hal",
 "usb-device",
 "usbd-serial",
]

[[package]]
name = "stm32f4xx-hal"
version = "0.8.3"
source = "registry+https://github.com/rust-lang/crates.io-index"
checksum = "b3a2f044469d1e3aff2cd02bee8b2724f3d5d91f3175e5d1ec99770320d16192"
dependencies = [
 "bare-metal",
 "cast",
 "cortex-m",
 "cortex-m-rt",
 "embedded-hal",
 "nb 0.1.3",
 "rand_core",
 "stm32f4",
 "synopsys-usb-otg",
 "void",
]

[[package]]
name = "stm32ral"
version = "0.3.1"
source = "registry+https://github.com/rust-lang/crates.io-index"
checksum = "8665561cb3422ddf54d257bf6cb3c5432ba0684f6937c4ad987bad16aa6ca496"
dependencies = [
 "bare-metal",
 "cortex-m",
]

[[package]]
name = "syn"
version = "1.0.86"
source = "registry+https://github.com/rust-lang/crates.io-index"
checksum = "8a65b3f4ffa0092e9887669db0eae07941f023991ab58ea44da8fe8e2d511c6b"
dependencies = [
 "proc-macro2",
 "quote",
 "unicode-xid",
]

[[package]]
name = "synopsys-usb-otg"
version = "0.1.0"
source = "registry+https://github.com/rust-lang/crates.io-index"
checksum = "6bcd2ca4e946cd2f33dfe2b0485f6b3c306721a035699f44f576d69e45b38db0"
dependencies = [
 "cortex-m",
 "stm32ral",
 "usb-device",
 "vcell",
]

[[package]]
name = "typenum"
version = "1.12.0"
source = "registry+https://github.com/rust-lang/crates.io-index"
checksum = "373c8a200f9e67a0c95e62a4f52fbf80c23b4381c05a17845531982fa99e6b33"

[[package]]
name = "unicode-xid"
version = "0.2.1"
source = "registry+https://github.com/rust-lang/crates.io-index"
checksum = "f7fe0bb3479651439c9112f72b6c505038574c9fbb575ed1bf3b797fa39dd564"

[[package]]
name = "usb-device"
version = "0.2.7"
source = "registry+https://github.com/rust-lang/crates.io-index"
checksum = "849eed9b4dc61a1f17ba1d7a5078ceb095b9410caa38a506eb281ed5eff12fbd"

[[package]]
name = "usbd-serial"
version = "0.1.1"
source = "registry+https://github.com/rust-lang/crates.io-index"
checksum = "db75519b86287f12dcf0d171c7cf4ecc839149fe9f3b720ac4cfce52959e1dfe"
dependencies = [
 "embedded-hal",
 "nb 0.1.3",
 "usb-device",
]

[[package]]
name = "vcell"
version = "0.1.2"
source = "registry+https://github.com/rust-lang/crates.io-index"
checksum = "876e32dcadfe563a4289e994f7cb391197f362b6315dc45e8ba4aa6f564a4b3c"

[[package]]
name = "version_check"
version = "0.9.2"
source = "registry+https://github.com/rust-lang/crates.io-index"
checksum = "b5a972e5669d67ba988ce3dc826706fb0a8b01471c088cb0b6110b805cc36aed"

[[package]]
name = "void"
version = "1.0.2"
source = "registry+https://github.com/rust-lang/crates.io-index"
checksum = "6a02e4885ed3bc0f2de90ea6dd45ebcbb66dacffe03547fadbb0eeae2770887d"

[[package]]
name = "volatile-register"
version = "0.2.0"
source = "registry+https://github.com/rust-lang/crates.io-index"
checksum = "0d67cb4616d99b940db1d6bd28844ff97108b498a6ca850e5b6191a532063286"
dependencies = [
 "vcell",
]
